PODS:
  - DoraemonKit/Core (3.1.5)
  - DoraemonKit/WithLoad (3.1.5):
    - DoraemonKit/Core

DEPENDENCIES:
  - DoraemonKit/Core (from `..`)
  - DoraemonKit/WithLoad (from `..`)

EXTERNAL SOURCES:
  DoraemonKit:
    :path: ".."

SPEC CHECKSUMS:
  DoraemonKit: 70d2c62735a4341b8c786272b445e323aef2681a

PODFILE CHECKSUM: d2cd26940f618edccb694e17dc9aa9afa53dbefb

COCOAPODS: 1.16.2
