PODS:
  - DoraemonKit/Core (3.2.6)
  - DoraemonKit/WithGPS (3.2.6):
    - DoraemonKit/Core
  - DoraemonKit/WithLoad (3.2.6):
    - DoraemonKit/Core
  - DoraemonKit/WithUIProfile (3.2.6):
    - DoraemonKit/Core
  - DoraemonKit/WithViewMetrics (3.2.6):
    - DoraemonKit/Core

DEPENDENCIES:
  - DoraemonKit/Core (from `..`)
  - DoraemonKit/WithGPS (from `..`)
  - DoraemonKit/WithLoad (from `..`)
  - DoraemonKit/WithUIProfile (from `..`)
  - DoraemonKit/WithViewMetrics (from `..`)

EXTERNAL SOURCES:
  DoraemonKit:
    :path: ".."

SPEC CHECKSUMS:
  DoraemonKit: bfab6d16732628a7604dc86c9724625ff4c2b494

PODFILE CHECKSUM: 4e27334755af12f9817a30163e972babdb7b11ad

COCOAPODS: 1.16.2
