PODS:
  - DoraemonKit/Core (3.2.3)
  - DoraemonKit/WithLoad (3.2.3):
    - DoraemonKit/Core

DEPENDENCIES:
  - DoraemonKit/Core (from `..`)
  - DoraemonKit/WithLoad (from `..`)

EXTERNAL SOURCES:
  DoraemonKit:
    :path: ".."

SPEC CHECKSUMS:
  DoraemonKit: 5d0f24fbccc21f3fd54e6040bca179b3ed116813

PODFILE CHECKSUM: d2cd26940f618edccb694e17dc9aa9afa53dbefb

COCOAPODS: 1.16.2
